
Microsoft Visual Studio Solution File, Format Version 12.00
# Visual Studio Version 17
VisualStudioVersion = 17.4.33205.214
MinimumVisualStudioVersion = 10.0.40219.1
Project("{FAE04EC0-301F-11D3-BF4B-00C04F79EFBC}") = "Mega Desk Web", "Mega Desk Web.csproj", "{CDFE65B5-64E8-4DA6-91CD-FF77A227A4EF}"
EndProject
Global
	GlobalSection(SolutionConfigurationPlatforms) = preSolution
		Debug|Any CPU = Debug|Any CPU
		Release|Any CPU = Release|Any CPU
	EndGlobalSection
	GlobalSection(ProjectConfigurationPlatforms) = postSolution
		{CDFE65B5-64E8-4DA6-91CD-FF77A227A4EF}.Debug|Any CPU.ActiveCfg = Debug|Any CPU
		{CDFE65B5-64E8-4DA6-91CD-FF77A227A4EF}.Debug|Any CPU.Build.0 = Debug|Any CPU
		{CDFE65B5-64E8-4DA6-91CD-FF77A227A4EF}.Release|Any CPU.ActiveCfg = Release|Any CPU
		{CDFE65B5-64E8-4DA6-91CD-FF77A227A4EF}.Release|Any CPU.Build.0 = Release|Any CPU
	EndGlobalSection
	GlobalSection(SolutionProperties) = preSolution
		HideSolutionNode = FALSE
	EndGlobalSection
	GlobalSection(ExtensibilityGlobals) = postSolution
		SolutionGuid = {60E2FD1E-7CB2-46F6-AD4B-FD2433F57F13}
	EndGlobalSection
EndGlobal
